// !$*UTF8*$!
{
	archiveVersion = 1;
	classes = {
	};
	objectVersion = 55;
	objects = {

/* Begin PBXBuildFile section */
		74410D0C27EE44130023E3D0 /* Constant.swift in Sources */ = {isa = PBXBuildFile; fileRef = 74410D0B27EE44130023E3D0 /* Constant.swift */; };
		74410D0F27EF03570023E3D0 /* CustomTableViewCell.swift in Sources */ = {isa = PBXBuildFile; fileRef = 74410D0D27EF03570023E3D0 /* CustomTableViewCell.swift */; };
		74410D1027EF03570023E3D0 /* CustomTableViewCell.xib in Resources */ = {isa = PBXBuildFile; fileRef = 74410D0E27EF03570023E3D0 /* CustomTableViewCell.xib */; };
		74410D1327EF124B0023E3D0 /* MenuController.swift in Sources */ = {isa = PBXBuildFile; fileRef = 74410D1227EF124B0023E3D0 /* MenuController.swift */; };
		74410D1527F06A8E0023E3D0 /* WeatherAddData.swift in Sources */ = {isa = PBXBuildFile; fileRef = 74410D1427F06A8E0023E3D0 /* WeatherAddData.swift */; };
		74410D1727F097710023E3D0 /* WeatherAddModel.swift in Sources */ = {isa = PBXBuildFile; fileRef = 74410D1627F097710023E3D0 /* WeatherAddModel.swift */; };
		74410D1927F0C3510023E3D0 /* WelcomeController.swift in Sources */ = {isa = PBXBuildFile; fileRef = 74410D1827F0C3510023E3D0 /* WelcomeController.swift */; };
		74E8D3C427EE267C005B8A21 /* AppDelegate.swift in Sources */ = {isa = PBXBuildFile; fileRef = 74E8D3C327EE267C005B8A21 /* AppDelegate.swift */; };
		74E8D3C627EE267C005B8A21 /* SceneDelegate.swift in Sources */ = {isa = PBXBuildFile; fileRef = 74E8D3C527EE267C005B8A21 /* SceneDelegate.swift */; };
		74E8D3C827EE267C005B8A21 /* ViewController.swift in Sources */ = {isa = PBXBuildFile; fileRef = 74E8D3C727EE267C005B8A21 /* ViewController.swift */; };
		74E8D3CB27EE267C005B8A21 /* Main.storyboard in Resources */ = {isa = PBXBuildFile; fileRef = 74E8D3C927EE267C005B8A21 /* Main.storyboard */; };
		74E8D3CE27EE267C005B8A21 /* Weather.xcdatamodeld in Sources */ = {isa = PBXBuildFile; fileRef = 74E8D3CC27EE267C005B8A21 /* Weather.xcdatamodeld */; };
		74E8D3D027EE2681005B8A21 /* Assets.xcassets in Resources */ = {isa = PBXBuildFile; fileRef = 74E8D3CF27EE2681005B8A21 /* Assets.xcassets */; };
		74E8D3D327EE2681005B8A21 /* LaunchScreen.storyboard in Resources */ = {isa = PBXBuildFile; fileRef = 74E8D3D127EE2681005B8A21 /* LaunchScreen.storyboard */; };
		74E8D3DD27EE27D1005B8A21 /* WeatherData.swift in Sources */ = {isa = PBXBuildFile; fileRef = 74E8D3DC27EE27D1005B8A21 /* WeatherData.swift */; };
		74E8D3DF27EE27E3005B8A21 /* WeatherManager.swift in Sources */ = {isa = PBXBuildFile; fileRef = 74E8D3DE27EE27E3005B8A21 /* WeatherManager.swift */; };
		74E8D3E127EE2801005B8A21 /* WeatherModel.swift in Sources */ = {isa = PBXBuildFile; fileRef = 74E8D3E027EE2801005B8A21 /* WeatherModel.swift */; };
		74E8D3E527EE284D005B8A21 /* CustomCollectionViewCell.swift in Sources */ = {isa = PBXBuildFile; fileRef = 74E8D3E327EE284D005B8A21 /* CustomCollectionViewCell.swift */; };
		74E8D3E627EE284D005B8A21 /* CustomCollectionViewCell.xib in Resources */ = {isa = PBXBuildFile; fileRef = 74E8D3E427EE284D005B8A21 /* CustomCollectionViewCell.xib */; };
/* End PBXBuildFile section */

/* Begin PBXFileReference section */
		74410D0B27EE44130023E3D0 /* Constant.swift */ = {isa = PBXFileReference; lastKnownFileType = sourcecode.swift; path = Constant.swift; sourceTree = "<group>"; };
		74410D0D27EF03570023E3D0 /* CustomTableViewCell.swift */ = {isa = PBXFileReference; lastKnownFileType = sourcecode.swift; path = CustomTableViewCell.swift; sourceTree = "<group>"; };
		74410D0E27EF03570023E3D0 /* CustomTableViewCell.xib */ = {isa = PBXFileReference; lastKnownFileType = file.xib; path = CustomTableViewCell.xib; sourceTree = "<group>"; };
		74410D1227EF124B0023E3D0 /* MenuController.swift */ = {isa = PBXFileReference; lastKnownFileType = sourcecode.swift; path = MenuController.swift; sourceTree = "<group>"; };
		74410D1427F06A8E0023E3D0 /* WeatherAddData.swift */ = {isa = PBXFileReference; lastKnownFileType = sourcecode.swift; path = WeatherAddData.swift; sourceTree = "<group>"; };
		74410D1627F097710023E3D0 /* WeatherAddModel.swift */ = {isa = PBXFileReference; lastKnownFileType = sourcecode.swift; path = WeatherAddModel.swift; sourceTree = "<group>"; };
		74410D1827F0C3510023E3D0 /* WelcomeController.swift */ = {isa = PBXFileReference; lastKnownFileType = sourcecode.swift; path = WelcomeController.swift; sourceTree = "<group>"; };
		74E8D3C027EE267C005B8A21 /* Weather.app */ = {isa = PBXFileReference; explicitFileType = wrapper.application; includeInIndex = 0; path = Weather.app; sourceTree = BUILT_PRODUCTS_DIR; };
		74E8D3C327EE267C005B8A21 /* AppDelegate.swift */ = {isa = PBXFileReference; lastKnownFileType = sourcecode.swift; path = AppDelegate.swift; sourceTree = "<group>"; };
		74E8D3C527EE267C005B8A21 /* SceneDelegate.swift */ = {isa = PBXFileReference; lastKnownFileType = sourcecode.swift; path = SceneDelegate.swift; sourceTree = "<group>"; };
		74E8D3C727EE267C005B8A21 /* ViewController.swift */ = {isa = PBXFileReference; lastKnownFileType = sourcecode.swift; path = ViewController.swift; sourceTree = "<group>"; };
		74E8D3CA27EE267C005B8A21 /* Base */ = {isa = PBXFileReference; lastKnownFileType = file.storyboard; name = Base; path = Base.lproj/Main.storyboard; sourceTree = "<group>"; };
		74E8D3CD27EE267C005B8A21 /* Weather.xcdatamodel */ = {isa = PBXFileReference; lastKnownFileType = wrapper.xcdatamodel; path = Weather.xcdatamodel; sourceTree = "<group>"; };
		74E8D3CF27EE2681005B8A21 /* Assets.xcassets */ = {isa = PBXFileReference; lastKnownFileType = folder.assetcatalog; path = Assets.xcassets; sourceTree = "<group>"; };
		74E8D3D227EE2681005B8A21 /* Base */ = {isa = PBXFileReference; lastKnownFileType = file.storyboard; name = Base; path = Base.lproj/LaunchScreen.storyboard; sourceTree = "<group>"; };
		74E8D3D427EE2681005B8A21 /* Info.plist */ = {isa = PBXFileReference; lastKnownFileType = text.plist.xml; path = Info.plist; sourceTree = "<group>"; };
		74E8D3DC27EE27D1005B8A21 /* WeatherData.swift */ = {isa = PBXFileReference; lastKnownFileType = sourcecode.swift; path = WeatherData.swift; sourceTree = "<group>"; };
		74E8D3DE27EE27E3005B8A21 /* WeatherManager.swift */ = {isa = PBXFileReference; lastKnownFileType = sourcecode.swift; path = WeatherManager.swift; sourceTree = "<group>"; };
		74E8D3E027EE2801005B8A21 /* WeatherModel.swift */ = {isa = PBXFileReference; lastKnownFileType = sourcecode.swift; path = WeatherModel.swift; sourceTree = "<group>"; };
		74E8D3E327EE284D005B8A21 /* CustomCollectionViewCell.swift */ = {isa = PBXFileReference; lastKnownFileType = sourcecode.swift; path = CustomCollectionViewCell.swift; sourceTree = "<group>"; };
		74E8D3E427EE284D005B8A21 /* CustomCollectionViewCell.xib */ = {isa = PBXFileReference; lastKnownFileType = file.xib; path = CustomCollectionViewCell.xib; sourceTree = "<group>"; };
/* End PBXFileReference section */

/* Begin PBXFrameworksBuildPhase section */
		74E8D3BD27EE267C005B8A21 /* Frameworks */ = {
			isa = PBXFrameworksBuildPhase;
			buildActionMask = 2147483647;
			files = (
			);
			runOnlyForDeploymentPostprocessing = 0;
		};
/* End PBXFrameworksBuildPhase section */

/* Begin PBXGroup section */
		74410D1127EF121A0023E3D0 /* Controller */ = {
			isa = PBXGroup;
			children = (
				74E8D3C727EE267C005B8A21 /* ViewController.swift */,
				74410D1227EF124B0023E3D0 /* MenuController.swift */,
				74410D1827F0C3510023E3D0 /* WelcomeController.swift */,
			);
			path = Controller;
			sourceTree = "<group>";
		};
		74E8D3B727EE267C005B8A21 = {
			isa = PBXGroup;
			children = (
				74E8D3C227EE267C005B8A21 /* Weather */,
				74E8D3C127EE267C005B8A21 /* Products */,
			);
			sourceTree = "<group>";
		};
		74E8D3C127EE267C005B8A21 /* Products */ = {
			isa = PBXGroup;
			children = (
				74E8D3C027EE267C005B8A21 /* Weather.app */,
			);
			name = Products;
			sourceTree = "<group>";
		};
		74E8D3C227EE267C005B8A21 /* Weather */ = {
			isa = PBXGroup;
			children = (
				74E8D3DB27EE27B2005B8A21 /* Model */,
				74E8D3C327EE267C005B8A21 /* AppDelegate.swift */,
				74E8D3C527EE267C005B8A21 /* SceneDelegate.swift */,
				74410D1127EF121A0023E3D0 /* Controller */,
				74E8D3DA27EE26DC005B8A21 /* View */,
				74E8D3CF27EE2681005B8A21 /* Assets.xcassets */,
				74E8D3D127EE2681005B8A21 /* LaunchScreen.storyboard */,
				74E8D3D427EE2681005B8A21 /* Info.plist */,
				74E8D3CC27EE267C005B8A21 /* Weather.xcdatamodeld */,
			);
			path = Weather;
			sourceTree = "<group>";
		};
		74E8D3DA27EE26DC005B8A21 /* View */ = {
			isa = PBXGroup;
			children = (
				74E8D3E227EE282D005B8A21 /* CustomCell */,
				74E8D3C927EE267C005B8A21 /* Main.storyboard */,
			);
			path = View;
			sourceTree = "<group>";
		};
		74E8D3DB27EE27B2005B8A21 /* Model */ = {
			isa = PBXGroup;
			children = (
				74E8D3DC27EE27D1005B8A21 /* WeatherData.swift */,
				74E8D3DE27EE27E3005B8A21 /* WeatherManager.swift */,
				74E8D3E027EE2801005B8A21 /* WeatherModel.swift */,
				74410D1627F097710023E3D0 /* WeatherAddModel.swift */,
				74410D0B27EE44130023E3D0 /* Constant.swift */,
				74410D1427F06A8E0023E3D0 /* WeatherAddData.swift */,
			);
			path = Model;
			sourceTree = "<group>";
		};
		74E8D3E227EE282D005B8A21 /* CustomCell */ = {
			isa = PBXGroup;
			children = (
				74E8D3E327EE284D005B8A21 /* CustomCollectionViewCell.swift */,
				74E8D3E427EE284D005B8A21 /* CustomCollectionViewCell.xib */,
				74410D0D27EF03570023E3D0 /* CustomTableViewCell.swift */,
				74410D0E27EF03570023E3D0 /* CustomTableViewCell.xib */,
			);
			path = CustomCell;
			sourceTree = "<group>";
		};
/* End PBXGroup section */

/* Begin PBXNativeTarget section */
		74E8D3BF27EE267C005B8A21 /* Weather */ = {
			isa = PBXNativeTarget;
			buildConfigurationList = 74E8D3D727EE2681005B8A21 /* Build configuration list for PBXNativeTarget "Weather" */;
			buildPhases = (
				74E8D3BC27EE267C005B8A21 /* Sources */,
				74E8D3BD27EE267C005B8A21 /* Frameworks */,
				74E8D3BE27EE267C005B8A21 /* Resources */,
			);
			buildRules = (
			);
			dependencies = (
			);
			name = Weather;
			productName = Weather;
			productReference = 74E8D3C027EE267C005B8A21 /* Weather.app */;
			productType = "com.apple.product-type.application";
		};
/* End PBXNativeTarget section */

/* Begin PBXProject section */
		74E8D3B827EE267C005B8A21 /* Project object */ = {
			isa = PBXProject;
			attributes = {
				BuildIndependentTargetsInParallel = 1;
				LastSwiftUpdateCheck = 1320;
				LastUpgradeCheck = 1320;
				TargetAttributes = {
					74E8D3BF27EE267C005B8A21 = {
						CreatedOnToolsVersion = 13.2.1;
					};
				};
			};
			buildConfigurationList = 74E8D3BB27EE267C005B8A21 /* Build configuration list for PBXProject "Weather" */;
			compatibilityVersion = "Xcode 13.0";
			developmentRegion = en;
			hasScannedForEncodings = 0;
			knownRegions = (
				en,
				Base,
			);
			mainGroup = 74E8D3B727EE267C005B8A21;
			productRefGroup = 74E8D3C127EE267C005B8A21 /* Products */;
			projectDirPath = "";
			projectRoot = "";
			targets = (
				74E8D3BF27EE267C005B8A21 /* Weather */,
			);
		};
/* End PBXProject section */

/* Begin PBXResourcesBuildPhase section */
		74E8D3BE27EE267C005B8A21 /* Resources */ = {
			isa = PBXResourcesBuildPhase;
			buildActionMask = 2147483647;
			files = (
				74E8D3D327EE2681005B8A21 /* LaunchScreen.storyboard in Resources */,
				74E8D3D027EE2681005B8A21 /* Assets.xcassets in Resources */,
				74E8D3CB27EE267C005B8A21 /* Main.storyboard in Resources */,
				74410D1027EF03570023E3D0 /* CustomTableViewCell.xib in Resources */,
				74E8D3E627EE284D005B8A21 /* CustomCollectionViewCell.xib in Resources */,
			);
			runOnlyForDeploymentPostprocessing = 0;
		};
/* End PBXResourcesBuildPhase section */

/* Begin PBXSourcesBuildPhase section */
		74E8D3BC27EE267C005B8A21 /* Sources */ = {
			isa = PBXSourcesBuildPhase;
			buildActionMask = 2147483647;
			files = (
				74E8D3DF27EE27E3005B8A21 /* WeatherManager.swift in Sources */,
				74E8D3CE27EE267C005B8A21 /* Weather.xcdatamodeld in Sources */,
				74410D0C27EE44130023E3D0 /* Constant.swift in Sources */,
				74E8D3DD27EE27D1005B8A21 /* WeatherData.swift in Sources */,
				74410D1727F097710023E3D0 /* WeatherAddModel.swift in Sources */,
				74E8D3E527EE284D005B8A21 /* CustomCollectionViewCell.swift in Sources */,
				74410D1327EF124B0023E3D0 /* MenuController.swift in Sources */,
				74E8D3E127EE2801005B8A21 /* WeatherModel.swift in Sources */,
				74410D1927F0C3510023E3D0 /* WelcomeController.swift in Sources */,
				74410D0F27EF03570023E3D0 /* CustomTableViewCell.swift in Sources */,
				74E8D3C827EE267C005B8A21 /* ViewController.swift in Sources */,
				74410D1527F06A8E0023E3D0 /* WeatherAddData.swift in Sources */,
				74E8D3C427EE267C005B8A21 /* AppDelegate.swift in Sources */,
				74E8D3C627EE267C005B8A21 /* SceneDelegate.swift in Sources */,
			);
			runOnlyForDeploymentPostprocessing = 0;
		};
/* End PBXSourcesBuildPhase section */

/* Begin PBXVariantGroup section */
		74E8D3C927EE267C005B8A21 /* Main.storyboard */ = {
			isa = PBXVariantGroup;
			children = (
				74E8D3CA27EE267C005B8A21 /* Base */,
			);
			name = Main.storyboard;
			sourceTree = "<group>";
		};
		74E8D3D127EE2681005B8A21 /* LaunchScreen.storyboard */ = {
			isa = PBXVariantGroup;
			children = (
				74E8D3D227EE2681005B8A21 /* Base */,
			);
			name = LaunchScreen.storyboard;
			sourceTree = "<group>";
		};
/* End PBXVariantGroup section */

/* Begin XCBuildConfiguration section */
		74E8D3D527EE2681005B8A21 /* Debug */ = {
			isa = XCBuildConfiguration;
			buildSettings = {
				ALWAYS_SEARCH_USER_PATHS = NO;
				CLANG_ANALYZER_NONNULL = YES;
				CLANG_ANALYZER_NUMBER_OBJECT_CONVERSION = YES_AGGRESSIVE;
				CLANG_CXX_LANGUAGE_STANDARD = "gnu++17";
				CLANG_CXX_LIBRARY = "libc++";
				CLANG_ENABLE_MODULES = YES;
				CLANG_ENABLE_OBJC_ARC = YES;
				CLANG_ENABLE_OBJC_WEAK = YES;
				CLANG_WARN_BLOCK_CAPTURE_AUTORELEASING = YES;
				CLANG_WARN_BOOL_CONVERSION = YES;
				CLANG_WARN_COMMA = YES;
				CLANG_WARN_CONSTANT_CONVERSION = YES;
				CLANG_WARN_DEPRECATED_OBJC_IMPLEMENTATIONS = YES;
				CLANG_WARN_DIRECT_OBJC_ISA_USAGE = YES_ERROR;
				CLANG_WARN_DOCUMENTATION_COMMENTS = YES;
				CLANG_WARN_EMPTY_BODY = YES;
				CLANG_WARN_ENUM_CONVERSION = YES;
				CLANG_WARN_INFINITE_RECURSION = YES;
				CLANG_WARN_INT_CONVERSION = YES;
				CLANG_WARN_NON_LITERAL_NULL_CONVERSION = YES;
				CLANG_WARN_OBJC_IMPLICIT_RETAIN_SELF = YES;
				CLANG_WARN_OBJC_LITERAL_CONVERSION = YES;
				CLANG_WARN_OBJC_ROOT_CLASS = YES_ERROR;
				CLANG_WARN_QUOTED_INCLUDE_IN_FRAMEWORK_HEADER = YES;
				CLANG_WARN_RANGE_LOOP_ANALYSIS = YES;
				CLANG_WARN_STRICT_PROTOTYPES = YES;
				CLANG_WARN_SUSPICIOUS_MOVE = YES;
				CLANG_WARN_UNGUARDED_AVAILABILITY = YES_AGGRESSIVE;
				CLANG_WARN_UNREACHABLE_CODE = YES;
				CLANG_WARN__DUPLICATE_METHOD_MATCH = YES;
				COPY_PHASE_STRIP = NO;
				DEBUG_INFORMATION_FORMAT = dwarf;
				ENABLE_STRICT_OBJC_MSGSEND = YES;
				ENABLE_TESTABILITY = YES;
				GCC_C_LANGUAGE_STANDARD = gnu11;
				GCC_DYNAMIC_NO_PIC = NO;
				GCC_NO_COMMON_BLOCKS = YES;
				GCC_OPTIMIZATION_LEVEL = 0;
				GCC_PREPROCESSOR_DEFINITIONS = (
					"DEBUG=1",
					"$(inherited)",
				);
				GCC_WARN_64_TO_32_BIT_CONVERSION = YES;
				GCC_WARN_ABOUT_RETURN_TYPE = YES_ERROR;
				GCC_WARN_UNDECLARED_SELECTOR = YES;
				GCC_WARN_UNINITIALIZED_AUTOS = YES_AGGRESSIVE;
				GCC_WARN_UNUSED_FUNCTION = YES;
				GCC_WARN_UNUSED_VARIABLE = YES;
				IPHONEOS_DEPLOYMENT_TARGET = 15.2;
				MTL_ENABLE_DEBUG_INFO = INCLUDE_SOURCE;
				MTL_FAST_MATH = YES;
				ONLY_ACTIVE_ARCH = YES;
				SDKROOT = iphoneos;
				SWIFT_ACTIVE_COMPILATION_CONDITIONS = DEBUG;
				SWIFT_OPTIMIZATION_LEVEL = "-Onone";
			};
			name = Debug;
		};
		74E8D3D627EE2681005B8A21 /* Release */ = {
			isa = XCBuildConfiguration;
			buildSettings = {
				ALWAYS_SEARCH_USER_PATHS = NO;
				CLANG_ANALYZER_NONNULL = YES;
				CLANG_ANALYZER_NUMBER_OBJECT_CONVERSION = YES_AGGRESSIVE;
				CLANG_CXX_LANGUAGE_STANDARD = "gnu++17";
				CLANG_CXX_LIBRARY = "libc++";
				CLANG_ENABLE_MODULES = YES;
				CLANG_ENABLE_OBJC_ARC = YES;
				CLANG_ENABLE_OBJC_WEAK = YES;
				CLANG_WARN_BLOCK_CAPTURE_AUTORELEASING = YES;
				CLANG_WARN_BOOL_CONVERSION = YES;
				CLANG_WARN_COMMA = YES;
				CLANG_WARN_CONSTANT_CONVERSION = YES;
				CLANG_WARN_DEPRECATED_OBJC_IMPLEMENTATIONS = YES;
				CLANG_WARN_DIRECT_OBJC_ISA_USAGE = YES_ERROR;
				CLANG_WARN_DOCUMENTATION_COMMENTS = YES;
				CLANG_WARN_EMPTY_BODY = YES;
				CLANG_WARN_ENUM_CONVERSION = YES;
				CLANG_WARN_INFINITE_RECURSION = YES;
				CLANG_WARN_INT_CONVERSION = YES;
				CLANG_WARN_NON_LITERAL_NULL_CONVERSION = YES;
				CLANG_WARN_OBJC_IMPLICIT_RETAIN_SELF = YES;
				CLANG_WARN_OBJC_LITERAL_CONVERSION = YES;
				CLANG_WARN_OBJC_ROOT_CLASS = YES_ERROR;
				CLANG_WARN_QUOTED_INCLUDE_IN_FRAMEWORK_HEADER = YES;
				CLANG_WARN_RANGE_LOOP_ANALYSIS = YES;
				CLANG_WARN_STRICT_PROTOTYPES = YES;
				CLANG_WARN_SUSPICIOUS_MOVE = YES;
				CLANG_WARN_UNGUARDED_AVAILABILITY = YES_AGGRESSIVE;
				CLANG_WARN_UNREACHABLE_CODE = YES;
				CLANG_WARN__DUPLICATE_METHOD_MATCH = YES;
				COPY_PHASE_STRIP = NO;
				DEBUG_INFORMATION_FORMAT = "dwarf-with-dsym";
				ENABLE_NS_ASSERTIONS = NO;
				ENABLE_STRICT_OBJC_MSGSEND = YES;
				GCC_C_LANGUAGE_STANDARD = gnu11;
				GCC_NO_COMMON_BLOCKS = YES;
				GCC_WARN_64_TO_32_BIT_CONVERSION = YES;
				GCC_WARN_ABOUT_RETURN_TYPE = YES_ERROR;
				GCC_WARN_UNDECLARED_SELECTOR = YES;
				GCC_WARN_UNINITIALIZED_AUTOS = YES_AGGRESSIVE;
				GCC_WARN_UNUSED_FUNCTION = YES;
				GCC_WARN_UNUSED_VARIABLE = YES;
				IPHONEOS_DEPLOYMENT_TARGET = 15.2;
				MTL_ENABLE_DEBUG_INFO = NO;
				MTL_FAST_MATH = YES;
				SDKROOT = iphoneos;
				SWIFT_COMPILATION_MODE = wholemodule;
				SWIFT_OPTIMIZATION_LEVEL = "-O";
				VALIDATE_PRODUCT = YES;
			};
			name = Release;
		};
		74E8D3D827EE2681005B8A21 /* Debug */ = {
			isa = XCBuildConfiguration;
			buildSettings = {
				ASSETCATALOG_COMPILER_APPICON_NAME = AppIcon;
				ASSETCATALOG_COMPILER_GLOBAL_ACCENT_COLOR_NAME = AccentColor;
				CODE_SIGN_STYLE = Automatic;
				CURRENT_PROJECT_VERSION = 1;
				DEVELOPMENT_TEAM = 8HL85Q4ZKZ;
				GENERATE_INFOPLIST_FILE = YES;
				INFOPLIST_FILE = Weather/Info.plist;
				INFOPLIST_KEY_UIApplicationSupportsIndirectInputEvents = YES;
				INFOPLIST_KEY_UILaunchStoryboardName = LaunchScreen;
				INFOPLIST_KEY_UIMainStoryboardFile = Main;
				INFOPLIST_KEY_UISupportedInterfaceOrientations_iPad = "UIInterfaceOrientationPortrait UIInterfaceOrientationPortraitUpsideDown UIInterfaceOrientationLandscapeLeft UIInterfaceOrientationLandscapeRight";
				INFOPLIST_KEY_UISupportedInterfaceOrientations_iPhone = "UIInterfaceOrientationPortrait UIInterfaceOrientationLandscapeLeft UIInterfaceOrientationLandscapeRight";
				IPHONEOS_DEPLOYMENT_TARGET = 13.0;
				LD_RUNPATH_SEARCH_PATHS = (
					"$(inherited)",
					"@executable_path/Frameworks",
				);
				MARKETING_VERSION = 1.0;
				PRODUCT_BUNDLE_IDENTIFIER = nikkiSib.Weather;
				PRODUCT_NAME = "$(TARGET_NAME)";
				SWIFT_EMIT_LOC_STRINGS = YES;
				SWIFT_VERSION = 5.0;
				TARGETED_DEVICE_FAMILY = "1,2";
			};
			name = Debug;
		};
		74E8D3D927EE2681005B8A21 /* Release */ = {
			isa = XCBuildConfiguration;
			buildSettings = {
				ASSETCATALOG_COMPILER_APPICON_NAME = AppIcon;
				ASSETCATALOG_COMPILER_GLOBAL_ACCENT_COLOR_NAME = AccentColor;
				CODE_SIGN_STYLE = Automatic;
				CURRENT_PROJECT_VERSION = 1;
				DEVELOPMENT_TEAM = 8HL85Q4ZKZ;
				GENERATE_INFOPLIST_FILE = YES;
				INFOPLIST_FILE = Weather/Info.plist;
				INFOPLIST_KEY_UIApplicationSupportsIndirectInputEvents = YES;
				INFOPLIST_KEY_UILaunchStoryboardName = LaunchScreen;
				INFOPLIST_KEY_UIMainStoryboardFile = Main;
				INFOPLIST_KEY_UISupportedInterfaceOrientations_iPad = "UIInterfaceOrientationPortrait UIInterfaceOrientationPortraitUpsideDown UIInterfaceOrientationLandscapeLeft UIInterfaceOrientationLandscapeRight";
				INFOPLIST_KEY_UISupportedInterfaceOrientations_iPhone = "UIInterfaceOrientationPortrait UIInterfaceOrientationLandscapeLeft UIInterfaceOrientationLandscapeRight";
				IPHONEOS_DEPLOYMENT_TARGET = 13.0;
				LD_RUNPATH_SEARCH_PATHS = (
					"$(inherited)",
					"@executable_path/Frameworks",
				);
				MARKETING_VERSION = 1.0;
				PRODUCT_BUNDLE_IDENTIFIER = nikkiSib.Weather;
				PRODUCT_NAME = "$(TARGET_NAME)";
				SWIFT_EMIT_LOC_STRINGS = YES;
				SWIFT_VERSION = 5.0;
				TARGETED_DEVICE_FAMILY = "1,2";
			};
			name = Release;
		};
/* End XCBuildConfiguration section */

/* Begin XCConfigurationList section */
		74E8D3BB27EE267C005B8A21 /* Build configuration list for PBXProject "Weather" */ = {
			isa = XCConfigurationList;
			buildConfigurations = (
				74E8D3D527EE2681005B8A21 /* Debug */,
				74E8D3D627EE2681005B8A21 /* Release */,
			);
			defaultConfigurationIsVisible = 0;
			defaultConfigurationName = Release;
		};
		74E8D3D727EE2681005B8A21 /* Build configuration list for PBXNativeTarget "Weather" */ = {
			isa = XCConfigurationList;
			buildConfigurations = (
				74E8D3D827EE2681005B8A21 /* Debug */,
				74E8D3D927EE2681005B8A21 /* Release */,
			);
			defaultConfigurationIsVisible = 0;
			defaultConfigurationName = Release;
		};
/* End XCConfigurationList section */

/* Begin XCVersionGroup section */
		74E8D3CC27EE267C005B8A21 /* Weather.xcdatamodeld */ = {
			isa = XCVersionGroup;
			children = (
				74E8D3CD27EE267C005B8A21 /* Weather.xcdatamodel */,
			);
			currentVersion = 74E8D3CD27EE267C005B8A21 /* Weather.xcdatamodel */;
			path = Weather.xcdatamodeld;
			sourceTree = "<group>";
			versionGroupType = wrapper.xcdatamodel;
		};
/* End XCVersionGroup section */
	};
	rootObject = 74E8D3B827EE267C005B8A21 /* Project object */;
}
